
Microsoft Visual Studio Solution File, Format Version 12.00
# Visual Studio Version 17
VisualStudioVersion = 17.8.34525.116
MinimumVisualStudioVersion = 10.0.40219.1
Project("{FAE04EC0-301F-11D3-BF4B-00C04F79EFBC}") = "Workaround", "Workaround\Workaround.csproj", "{66299A18-D966-4D86-8BD0-E290D200E894}"
EndProject
Project("{FAE04EC0-301F-11D3-BF4B-00C04F79EFBC}") = "Entities", "Entities\Entities.csproj", "{1FA0A1E1-DF01-4136-83FA-7DBB6EB175A4}"
EndProject
Project("{FAE04EC0-301F-11D3-BF4B-00C04F79EFBC}") = "Business", "Business\Business.csproj", "{CBFE42C2-A7D9-4C93-AE0C-7F94180F5819}"
EndProject
Global
	GlobalSection(SolutionConfigurationPlatforms) = preSolution
		Debug|Any CPU = Debug|Any CPU
		Release|Any CPU = Release|Any CPU
	EndGlobalSection
	GlobalSection(ProjectConfigurationPlatforms) = postSolution
		{66299A18-D966-4D86-8BD0-E290D200E894}.Debug|Any CPU.ActiveCfg = Debug|Any CPU
		{66299A18-D966-4D86-8BD0-E290D200E894}.Debug|Any CPU.Build.0 = Debug|Any CPU
		{66299A18-D966-4D86-8BD0-E290D200E894}.Release|Any CPU.ActiveCfg = Release|Any CPU
		{66299A18-D966-4D86-8BD0-E290D200E894}.Release|Any CPU.Build.0 = Release|Any CPU
		{1FA0A1E1-DF01-4136-83FA-7DBB6EB175A4}.Debug|Any CPU.ActiveCfg = Debug|Any CPU
		{1FA0A1E1-DF01-4136-83FA-7DBB6EB175A4}.Debug|Any CPU.Build.0 = Debug|Any CPU
		{1FA0A1E1-DF01-4136-83FA-7DBB6EB175A4}.Release|Any CPU.ActiveCfg = Release|Any CPU
		{1FA0A1E1-DF01-4136-83FA-7DBB6EB175A4}.Release|Any CPU.Build.0 = Release|Any CPU
		{CBFE42C2-A7D9-4C93-AE0C-7F94180F5819}.Debug|Any CPU.ActiveCfg = Debug|Any CPU
		{CBFE42C2-A7D9-4C93-AE0C-7F94180F5819}.Debug|Any CPU.Build.0 = Debug|Any CPU
		{CBFE42C2-A7D9-4C93-AE0C-7F94180F5819}.Release|Any CPU.ActiveCfg = Release|Any CPU
		{CBFE42C2-A7D9-4C93-AE0C-7F94180F5819}.Release|Any CPU.Build.0 = Release|Any CPU
	EndGlobalSection
	GlobalSection(SolutionProperties) = preSolution
		HideSolutionNode = FALSE
	EndGlobalSection
	GlobalSection(ExtensibilityGlobals) = postSolution
		SolutionGuid = {3618D9C6-DEBE-41C3-9735-31498C11F1B9}
	EndGlobalSection
EndGlobal
